schema_version: 1
generator:
  name: shogun-skill-registry
  version: 1
registry_sha256: sha256:8bbe02815bc70c0648ad9b0d7e5ec65d3e0ff12ad4cc4ce7ab6861436e07ba26
outputs:
  claude:
    path: ~/.claude/skills
    listing_chars: 2071
  codex:
    path: ~/.agents/skills
    listing_chars: 2071
skills:
- id: shogun-agent-status
  version: 1.0.0
  status: enabled
  classification: optional
  activation: automatic
  eligible_roles:
  - karo
  - shogun
  applicability: Read-only bounded capacity checks for routing decisions.
  source:
    path: skills/shogun-agent-status
    tree_sha256: sha256:474ee758f9a257f836a23876e4260385953606b1320edcf3bc1c3dac467961e5
    files:
    - path: SKILL.md
      bytes: 1476
      executable: false
      sha256: sha256:6b40c4844b0211c94c795f16c18e06ee7a5e76a4f6dcd3d39d2f2b922bafcfe2
    - path: scripts/agent_status.sh
      bytes: 2183
      executable: true
      sha256: sha256:4f6e4957847d32d4f76b15f194eceb2e41ca0ff5f04d6b8faa70cbb0976d4ff7
  targets:
    claude:
      destination: ~/.claude/skills/shogun-agent-status
      tree_sha256: sha256:474ee758f9a257f836a23876e4260385953606b1320edcf3bc1c3dac467961e5
      metrics:
        description_chars: 165
        listing_chars: 185
        bytes: 3659
        lines: 18
      files:
      - path: SKILL.md
        bytes: 1476
        executable: false
        sha256: sha256:6b40c4844b0211c94c795f16c18e06ee7a5e76a4f6dcd3d39d2f2b922bafcfe2
      - path: scripts/agent_status.sh
        bytes: 2183
        executable: true
        sha256: sha256:4f6e4957847d32d4f76b15f194eceb2e41ca0ff5f04d6b8faa70cbb0976d4ff7
    codex:
      destination: ~/.agents/skills/shogun-agent-status
      tree_sha256: sha256:d07250fe9b93d0ed7c81c53001ff8ef659db00cccbb88381830d20c229bf68e7
      metrics:
        description_chars: 165
        listing_chars: 185
        bytes: 3864
        lines: 18
      files:
      - path: SKILL.md
        bytes: 1476
        executable: false
        sha256: sha256:6b40c4844b0211c94c795f16c18e06ee7a5e76a4f6dcd3d39d2f2b922bafcfe2
      - path: agents/openai.yaml
        bytes: 205
        executable: false
        sha256: sha256:b5d4c2a6a7f4d9c62d5e7dda9d50857e91c803026de146ea1dd62276d5a3d35d
      - path: scripts/agent_status.sh
        bytes: 2183
        executable: true
        sha256: sha256:4f6e4957847d32d4f76b15f194eceb2e41ca0ff5f04d6b8faa70cbb0976d4ff7
  provenance:
    kind: bundled
    license: MIT
- id: shogun-bloom-config
  version: 1.0.0
  status: enabled
  classification: optional
  activation: automatic
  eligible_roles:
  - ashigaru
  - gunshi
  - oometsuke
  - shogun
  applicability: Draft Bloom routing from currently verified CLI and subscription availability.
  source:
    path: skills/shogun-bloom-config
    tree_sha256: sha256:3e56914a3c3a15b42ea8208461755196d901776694f1ed98f0d65be53661361e
    files:
    - path: SKILL.md
      bytes: 1873
      executable: false
      sha256: sha256:15c21a4fbd6703eb8949ec6c9ad36d92d0b405df89f6d29aa997534a8fcc8489
  targets:
    claude:
      destination: ~/.claude/skills/shogun-bloom-config
      tree_sha256: sha256:3e56914a3c3a15b42ea8208461755196d901776694f1ed98f0d65be53661361e
      metrics:
        description_chars: 184
        listing_chars: 204
        bytes: 1873
        lines: 30
      files:
      - path: SKILL.md
        bytes: 1873
        executable: false
        sha256: sha256:15c21a4fbd6703eb8949ec6c9ad36d92d0b405df89f6d29aa997534a8fcc8489
    codex:
      destination: ~/.agents/skills/shogun-bloom-config
      tree_sha256: sha256:d0ef67e498a0dac3de28aba49d9967076eae89f71a5fffc925cb61bacc2b9589
      metrics:
        description_chars: 184
        listing_chars: 204
        bytes: 2076
        lines: 30
      files:
      - path: SKILL.md
        bytes: 1873
        executable: false
        sha256: sha256:15c21a4fbd6703eb8949ec6c9ad36d92d0b405df89f6d29aa997534a8fcc8489
      - path: agents/openai.yaml
        bytes: 203
        executable: false
        sha256: sha256:9c5cb2952355ee73a008cc294721dba54f092ee0de5eddfef4b1611f36e8ed1b
  provenance:
    kind: bundled
    license: MIT
- id: shogun-model-list
  version: 1.0.0
  status: enabled
  classification: optional
  activation: automatic
  eligible_roles:
  - ashigaru
  - gunshi
  - karo
  - oometsuke
  - shogun
  applicability: Build a current read-only model inventory without stale bundled pricing claims.
  source:
    path: skills/shogun-model-list
    tree_sha256: sha256:61cf62f415796545d6ad93f64b3af6147b5e6eabfad21022ed7d58deb892e1da
    files:
    - path: SKILL.md
      bytes: 1152
      executable: false
      sha256: sha256:1bbd408f4d92ffc35acec9564a21ad1c9d7f996310e461b1d50593ec9b0cf092
  targets:
    claude:
      destination: ~/.claude/skills/shogun-model-list
      tree_sha256: sha256:61cf62f415796545d6ad93f64b3af6147b5e6eabfad21022ed7d58deb892e1da
      metrics:
        description_chars: 177
        listing_chars: 195
        bytes: 1152
        lines: 16
      files:
      - path: SKILL.md
        bytes: 1152
        executable: false
        sha256: sha256:1bbd408f4d92ffc35acec9564a21ad1c9d7f996310e461b1d50593ec9b0cf092
    codex:
      destination: ~/.agents/skills/shogun-model-list
      tree_sha256: sha256:8aad6413bb13ac6c652bd2d7a5fa3125e6dc18c1408bd0f03448fba819d0e939
      metrics:
        description_chars: 177
        listing_chars: 195
        bytes: 1355
        lines: 16
      files:
      - path: SKILL.md
        bytes: 1152
        executable: false
        sha256: sha256:1bbd408f4d92ffc35acec9564a21ad1c9d7f996310e461b1d50593ec9b0cf092
      - path: agents/openai.yaml
        bytes: 203
        executable: false
        sha256: sha256:86362de631d18179240bf669b61a3a5b1cb9f18d3ca662aaa16c0c882fd534d7
  provenance:
    kind: bundled
    license: MIT
- id: shogun-model-switch
  version: 1.0.0
  status: quarantined
  classification: optional
  activation: manual
  eligible_roles:
  - karo
  applicability: Quarantined pending a transactional, non-authority-expanding Registry adapter; the existing operator-controlled core command remains outside this skill.
  source:
    path: skills/shogun-model-switch
    tree_sha256: sha256:ca3dca1f83732e8dcce8135c5f03b91628b6c2d79ccb97b59aec65c1e32dd991
    files:
    - path: SKILL.md
      bytes: 2157
      executable: false
      sha256: sha256:2ed8b278093920ca6849b66b438ba6a7d1ab67dc1083110eaa9766277fe7f68d
  targets:
    claude:
      destination: ~/.claude/skills/shogun-model-switch
      tree_sha256: sha256:13e8db1f2e59857b5b8c72581dbea820c9f3948acacc94b39c8740c482ca47e6
      metrics:
        description_chars: 167
        listing_chars: 187
        bytes: 2244
        lines: 36
      files:
      - path: SKILL.md
        bytes: 2244
        executable: false
        sha256: sha256:349e10c4cd4c09069037f55f638de4107ccc3313717164f6308f568d46c4b1ed
    codex:
      destination: ~/.agents/skills/shogun-model-switch
      tree_sha256: sha256:72b26f50ccf976b2f9be330c61268dbb09564a7b9713561d1a2b85faed5159ba
      metrics:
        description_chars: 167
        listing_chars: 187
        bytes: 2399
        lines: 34
      files:
      - path: SKILL.md
        bytes: 2157
        executable: false
        sha256: sha256:2ed8b278093920ca6849b66b438ba6a7d1ab67dc1083110eaa9766277fe7f68d
      - path: agents/openai.yaml
        bytes: 242
        executable: false
        sha256: sha256:cec45c88129856f195f15ab0f449725dc707f8e211b0453f8b7da0c656bf203f
  provenance:
    kind: bundled
    license: MIT
- id: shogun-readme-sync
  version: 1.0.0
  status: enabled
  classification: optional
  activation: automatic
  eligible_roles:
  - ashigaru
  - gunshi
  - oometsuke
  applicability: Keep English and Japanese operational documentation factually aligned.
  source:
    path: skills/shogun-readme-sync
    tree_sha256: sha256:f09fc5657445edae492ce043d0c5d0907794347754c0aa779a4b4c858ce1cc57
    files:
    - path: SKILL.md
      bytes: 1366
      executable: false
      sha256: sha256:3180b8854bedd68fd1a1eb76bfd6743f6bce0730ce3f99d25471eac4cd048a49
  targets:
    claude:
      destination: ~/.claude/skills/shogun-readme-sync
      tree_sha256: sha256:f09fc5657445edae492ce043d0c5d0907794347754c0aa779a4b4c858ce1cc57
      metrics:
        description_chars: 183
        listing_chars: 202
        bytes: 1366
        lines: 17
      files:
      - path: SKILL.md
        bytes: 1366
        executable: false
        sha256: sha256:3180b8854bedd68fd1a1eb76bfd6743f6bce0730ce3f99d25471eac4cd048a49
    codex:
      destination: ~/.agents/skills/shogun-readme-sync
      tree_sha256: sha256:1d8b23e925a00f64457fe2291209d208998306de88f1e05124b9930836e5f74d
      metrics:
        description_chars: 183
        listing_chars: 202
        bytes: 1571
        lines: 17
      files:
      - path: SKILL.md
        bytes: 1366
        executable: false
        sha256: sha256:3180b8854bedd68fd1a1eb76bfd6743f6bce0730ce3f99d25471eac4cd048a49
      - path: agents/openai.yaml
        bytes: 205
        executable: false
        sha256: sha256:681926f7efa2748d0492d61df5f60f72b1365264d2327c32057a12cacbaf44c4
  provenance:
    kind: bundled
    license: MIT
- id: shogun-review-response
  version: 1.0.0
  status: enabled
  classification: required
  activation: automatic
  eligible_roles:
  - ashigaru
  - gunshi
  - karo
  - oometsuke
  - shogun
  applicability: Review comments, requested changes, ambiguity, scope pressure, and disputed advice.
  source:
    path: skills/shogun-review-response
    tree_sha256: sha256:c25927e7b857602bb82558fae755a36ed69fa66dca543da72205a75b3517e2d3
    files:
    - path: SKILL.md
      bytes: 5830
      executable: false
      sha256: sha256:ae19b47986a8501785f10190aa519b6f7baa177c4734e0770a0e2d9bfd21081f
    - path: references/comment-ledger.md
      bytes: 2157
      executable: false
      sha256: sha256:0967b72aa5d68544a05120548c347d74922af9a7900e314b77447a33443bf60f
    - path: references/pressure-evidence.md
      bytes: 3950
      executable: false
      sha256: sha256:077c40d74c82baee414300f6c9433cb283b941d8137fa95c4cd7c956db801bf5
    - path: references/pressure-run.yaml
      bytes: 4327
      executable: false
      sha256: sha256:6c41bf778f59d95dc68df9528e641949a7bf8901a86b8d82fb65127b19bbad82
  targets:
    claude:
      destination: ~/.claude/skills/shogun-review-response
      tree_sha256: sha256:6117a3eae9f9adc5f22357fc17a164aec79c101c4506c457b1d4445aae82e52b
      metrics:
        description_chars: 174
        listing_chars: 197
        bytes: 9057
        lines: 81
      files:
      - path: LICENSE
        bytes: 1070
        executable: false
        sha256: sha256:a37e0e9697144819e1d965176ac4ae5bc3fa02d11e7812036bbcadf6dafe2400
      - path: SKILL.md
        bytes: 5830
        executable: false
        sha256: sha256:ae19b47986a8501785f10190aa519b6f7baa177c4734e0770a0e2d9bfd21081f
      - path: references/comment-ledger.md
        bytes: 2157
        executable: false
        sha256: sha256:0967b72aa5d68544a05120548c347d74922af9a7900e314b77447a33443bf60f
    codex:
      destination: ~/.agents/skills/shogun-review-response
      tree_sha256: sha256:807b90ed0b52c82b20c77a68e61f31a442aa64ba5e5b1f814465d4a278962f36
      metrics:
        description_chars: 174
        listing_chars: 197
        bytes: 9272
        lines: 81
      files:
      - path: LICENSE
        bytes: 1070
        executable: false
        sha256: sha256:a37e0e9697144819e1d965176ac4ae5bc3fa02d11e7812036bbcadf6dafe2400
      - path: SKILL.md
        bytes: 5830
        executable: false
        sha256: sha256:ae19b47986a8501785f10190aa519b6f7baa177c4734e0770a0e2d9bfd21081f
      - path: agents/openai.yaml
        bytes: 215
        executable: false
        sha256: sha256:be215ddb685b99f8656249a13248de1d3ccec5d73eb1d275b837c04354b4b1d7
      - path: references/comment-ledger.md
        bytes: 2157
        executable: false
        sha256: sha256:0967b72aa5d68544a05120548c347d74922af9a7900e314b77447a33443bf60f
  provenance:
    kind: adapted
    license: MIT
    repository: https://github.com/obra/superpowers
    tag: v6.1.1
    commit: d884ae04edebef577e82ff7c4e143debd0bbec99
    path: skills/receiving-code-review/SKILL.md
    upstream_sha256: sha256:647036bbdab7bf2317e14e079595e984c9030f64295e2b4c0fb57dbeb48f25dd
    adaptation_revision: 1
    notice_file: third_party/superpowers/LICENSE
    notice:
      path: skills/third_party/superpowers/LICENSE
      bytes: 1070
      executable: false
      sha256: sha256:a37e0e9697144819e1d965176ac4ae5bc3fa02d11e7812036bbcadf6dafe2400
- id: shogun-screenshot
  version: 1.0.0
  status: enabled
  classification: optional
  activation: automatic
  eligible_roles:
  - ashigaru
  - gunshi
  - oometsuke
  - shogun
  applicability: Capture and sanitize bounded visual evidence when it materially helps review.
  source:
    path: skills/shogun-screenshot
    tree_sha256: sha256:18f161e75d8e3d903cd67ca54b4742af5f6e9aae418e2f094fe49518889f0cd6
    files:
    - path: SKILL.md
      bytes: 3134
      executable: false
      sha256: sha256:76a0718f1496da314590e7457a58e2d48515d5f4fd8f61ee6e281c33d029375a
    - path: scripts/capture_local.sh
      bytes: 403
      executable: true
      sha256: sha256:ccb9306acd822552236ab1857accf2102f4953748169055808a056af153f2116
    - path: scripts/mask_sensitive.py
      bytes: 4029
      executable: false
      sha256: sha256:26839c9352d047a3a8b7fdb533578f95f9ec2501676b3a67c85cd7619b0a6755
    - path: scripts/safe_image_io.py
      bytes: 13261
      executable: false
      sha256: sha256:e15c3a92ea4ad9688fbe4239b8fde383a1fee6009dcbfa57589e7a968b1aadad
    - path: scripts/trim_image.py
      bytes: 3338
      executable: false
      sha256: sha256:f6b32bef7673d1b693d2c5c596c8765477f90612bc34db49fa600faa042082cf
  targets:
    claude:
      destination: ~/.claude/skills/shogun-screenshot
      tree_sha256: sha256:457915762bd16c6d575028575e3cbfe565bec421a358b228c068be220d9aae81
      metrics:
        description_chars: 182
        listing_chars: 200
        bytes: 24217
        lines: 26
      files:
      - path: SKILL.md
        bytes: 3186
        executable: false
        sha256: sha256:0d82e4cacd94b9d4f5e3046216ce6b73b7d9cf3b49ea6f7c91961f7785086b9c
      - path: scripts/capture_local.sh
        bytes: 403
        executable: true
        sha256: sha256:ccb9306acd822552236ab1857accf2102f4953748169055808a056af153f2116
      - path: scripts/mask_sensitive.py
        bytes: 4029
        executable: false
        sha256: sha256:26839c9352d047a3a8b7fdb533578f95f9ec2501676b3a67c85cd7619b0a6755
      - path: scripts/safe_image_io.py
        bytes: 13261
        executable: false
        sha256: sha256:e15c3a92ea4ad9688fbe4239b8fde383a1fee6009dcbfa57589e7a968b1aadad
      - path: scripts/trim_image.py
        bytes: 3338
        executable: false
        sha256: sha256:f6b32bef7673d1b693d2c5c596c8765477f90612bc34db49fa600faa042082cf
    codex:
      destination: ~/.agents/skills/shogun-screenshot
      tree_sha256: sha256:3b1c6240e79eb9b55270e4a8eedc995b5ea4da06f7a0b6f4c87e43bf525458c4
      metrics:
        description_chars: 182
        listing_chars: 200
        bytes: 24364
        lines: 25
      files:
      - path: SKILL.md
        bytes: 3134
        executable: false
        sha256: sha256:76a0718f1496da314590e7457a58e2d48515d5f4fd8f61ee6e281c33d029375a
      - path: agents/openai.yaml
        bytes: 199
        executable: false
        sha256: sha256:9afab91bc5b9f793c59fc11acccb2af082208af57016bbd913c6e2797cf20ee7
      - path: scripts/capture_local.sh
        bytes: 403
        executable: true
        sha256: sha256:ccb9306acd822552236ab1857accf2102f4953748169055808a056af153f2116
      - path: scripts/mask_sensitive.py
        bytes: 4029
        executable: false
        sha256: sha256:26839c9352d047a3a8b7fdb533578f95f9ec2501676b3a67c85cd7619b0a6755
      - path: scripts/safe_image_io.py
        bytes: 13261
        executable: false
        sha256: sha256:e15c3a92ea4ad9688fbe4239b8fde383a1fee6009dcbfa57589e7a968b1aadad
      - path: scripts/trim_image.py
        bytes: 3338
        executable: false
        sha256: sha256:f6b32bef7673d1b693d2c5c596c8765477f90612bc34db49fa600faa042082cf
  provenance:
    kind: bundled
    license: MIT
- id: shogun-skill-intake
  version: 1.0.0
  status: enabled
  classification: required
  activation: automatic
  eligible_roles:
  - ashigaru
  - gunshi
  - karo
  - oometsuke
  - shogun
  applicability: Process “このスキル追加” across the separate Codex App and Shogun Git boundary.
  source:
    path: skills/shogun-skill-intake
    tree_sha256: sha256:556effbd4e46b8c8d852c40a05f5b5126cd796ed17d38c25ba1d38fed7ec6c90
    files:
    - path: SKILL.md
      bytes: 3691
      executable: false
      sha256: sha256:307de6bbd21e7391bb6d3c348e0155c0e248fac71a9b4fca5b455bb6a10665d7
    - path: references/intake-checklist.md
      bytes: 731
      executable: false
      sha256: sha256:a6fb5a1dd7016d4196a126c3ad27ac3bb0146736ccfe808ce05d75b4773fa314
  targets:
    claude:
      destination: ~/.claude/skills/shogun-skill-intake
      tree_sha256: sha256:556effbd4e46b8c8d852c40a05f5b5126cd796ed17d38c25ba1d38fed7ec6c90
      metrics:
        description_chars: 173
        listing_chars: 193
        bytes: 4422
        lines: 54
      files:
      - path: SKILL.md
        bytes: 3691
        executable: false
        sha256: sha256:307de6bbd21e7391bb6d3c348e0155c0e248fac71a9b4fca5b455bb6a10665d7
      - path: references/intake-checklist.md
        bytes: 731
        executable: false
        sha256: sha256:a6fb5a1dd7016d4196a126c3ad27ac3bb0146736ccfe808ce05d75b4773fa314
    codex:
      destination: ~/.agents/skills/shogun-skill-intake
      tree_sha256: sha256:57ba1a15909fe53ef26b71959d7ac2ffae7402d0ca0973b05e82c1ac6ea977ef
      metrics:
        description_chars: 173
        listing_chars: 193
        bytes: 4631
        lines: 54
      files:
      - path: SKILL.md
        bytes: 3691
        executable: false
        sha256: sha256:307de6bbd21e7391bb6d3c348e0155c0e248fac71a9b4fca5b455bb6a10665d7
      - path: agents/openai.yaml
        bytes: 209
        executable: false
        sha256: sha256:10c4a49d56da2365f2155e483d44a21a12669600ff1311c503bfd1085440fd20
      - path: references/intake-checklist.md
        bytes: 731
        executable: false
        sha256: sha256:a6fb5a1dd7016d4196a126c3ad27ac3bb0146736ccfe808ce05d75b4773fa314
  provenance:
    kind: bundled
    license: MIT
- id: shogun-systematic-debugging
  version: 1.0.0
  status: enabled
  classification: required
  activation: automatic
  eligible_roles:
  - ashigaru
  - gunshi
  - karo
  - oometsuke
  - shogun
  applicability: Bugs, failing checks, unclear causes, and repeated rejected correction attempts.
  source:
    path: skills/shogun-systematic-debugging
    tree_sha256: sha256:a271544f7e412e095c13ce9e654422b1822452255ffce2e4be9de8b39f88ed45
    files:
    - path: SKILL.md
      bytes: 9139
      executable: false
      sha256: sha256:7e8f5a9682dfdf35c4c02807fed91d91131dd275e41f8000e2f2ed845d463e97
    - path: references/debug-record.md
      bytes: 5172
      executable: false
      sha256: sha256:65f176a77669c97ef1c6f12d7f4110ef8205e71e20234f5ab47f32ca7beac455
    - path: references/pressure-evidence.md
      bytes: 4394
      executable: false
      sha256: sha256:2e9ae83a6ebce0cfaac1dd4f51d4496798d9d6d57b6df15b7c77c29c0b17dc87
    - path: references/pressure-run.yaml
      bytes: 5587
      executable: false
      sha256: sha256:4fe92f4ea12a42d7286f3da94c33485330b4910ad1948fcd806be84c719c2a83
  targets:
    claude:
      destination: ~/.claude/skills/shogun-systematic-debugging
      tree_sha256: sha256:d5845fbd91dbebe86c33fa748ea88f361dfc828f05177c6450c26895ad5b0c47
      metrics:
        description_chars: 128
        listing_chars: 156
        bytes: 15381
        lines: 180
      files:
      - path: LICENSE
        bytes: 1070
        executable: false
        sha256: sha256:a37e0e9697144819e1d965176ac4ae5bc3fa02d11e7812036bbcadf6dafe2400
      - path: SKILL.md
        bytes: 9139
        executable: false
        sha256: sha256:7e8f5a9682dfdf35c4c02807fed91d91131dd275e41f8000e2f2ed845d463e97
      - path: references/debug-record.md
        bytes: 5172
        executable: false
        sha256: sha256:65f176a77669c97ef1c6f12d7f4110ef8205e71e20234f5ab47f32ca7beac455
    codex:
      destination: ~/.agents/skills/shogun-systematic-debugging
      tree_sha256: sha256:5430a532672d487275c3aa1172bde210524e9db0eae89162e8937398494d5d22
      metrics:
        description_chars: 128
        listing_chars: 156
        bytes: 15591
        lines: 180
      files:
      - path: LICENSE
        bytes: 1070
        executable: false
        sha256: sha256:a37e0e9697144819e1d965176ac4ae5bc3fa02d11e7812036bbcadf6dafe2400
      - path: SKILL.md
        bytes: 9139
        executable: false
        sha256: sha256:7e8f5a9682dfdf35c4c02807fed91d91131dd275e41f8000e2f2ed845d463e97
      - path: agents/openai.yaml
        bytes: 210
        executable: false
        sha256: sha256:d848f2cb4fe26e19529ce150dd74dda716f7cd9ca015cdf9680ca9f9c05a5201
      - path: references/debug-record.md
        bytes: 5172
        executable: false
        sha256: sha256:65f176a77669c97ef1c6f12d7f4110ef8205e71e20234f5ab47f32ca7beac455
  provenance:
    kind: adapted
    license: MIT
    repository: https://github.com/obra/superpowers
    tag: v6.1.1
    commit: d884ae04edebef577e82ff7c4e143debd0bbec99
    path: skills/systematic-debugging/SKILL.md
    upstream_sha256: sha256:3b20719eca4f0461cb51a195221320d775dcf03b6859271066a03a5132a6ce7a
    adaptation_revision: 1
    notice_file: third_party/superpowers/LICENSE
    notice:
      path: skills/third_party/superpowers/LICENSE
      bytes: 1070
      executable: false
      sha256: sha256:a37e0e9697144819e1d965176ac4ae5bc3fa02d11e7812036bbcadf6dafe2400
- id: shogun-test-first
  version: 1.0.0
  status: enabled
  classification: required
  activation: automatic
  eligible_roles:
  - ashigaru
  - gunshi
  - karo
  - oometsuke
  - shogun
  applicability: Every feature or bug fix before production behavior changes.
  source:
    path: skills/shogun-test-first
    tree_sha256: sha256:64085226fac334cb2a79196a4882216e28deefd9d24d0ebd3db92affb235a4e1
    files:
    - path: SKILL.md
      bytes: 5513
      executable: false
      sha256: sha256:5eb9440fc3d04f21d9b9311e71375945ce5007be155f481d8332b363f35fb4a0
    - path: references/pressure-evidence.md
      bytes: 3445
      executable: false
      sha256: sha256:c237cf80b02ea9616ab0f0c7942f3e48d858698c53706e76e194e2617a46769b
    - path: references/pressure-run.yaml
      bytes: 4215
      executable: false
      sha256: sha256:6847a375e28ae554ad9aae6e8ea0a62c2a5c667f4a2758697bec6f9e5a110184
  targets:
    claude:
      destination: ~/.claude/skills/shogun-test-first
      tree_sha256: sha256:62507b425894a4e0516e04815bf15531bfc441a8350d9f1876517554bc2a4234
      metrics:
        description_chars: 150
        listing_chars: 168
        bytes: 6583
        lines: 74
      files:
      - path: LICENSE
        bytes: 1070
        executable: false
        sha256: sha256:a37e0e9697144819e1d965176ac4ae5bc3fa02d11e7812036bbcadf6dafe2400
      - path: SKILL.md
        bytes: 5513
        executable: false
        sha256: sha256:5eb9440fc3d04f21d9b9311e71375945ce5007be155f481d8332b363f35fb4a0
    codex:
      destination: ~/.agents/skills/shogun-test-first
      tree_sha256: sha256:317f401573218d3d4dcf952e3c33d87afdff9e5ef99838f3d3419a1e0ebe50b2
      metrics:
        description_chars: 150
        listing_chars: 168
        bytes: 6780
        lines: 74
      files:
      - path: LICENSE
        bytes: 1070
        executable: false
        sha256: sha256:a37e0e9697144819e1d965176ac4ae5bc3fa02d11e7812036bbcadf6dafe2400
      - path: SKILL.md
        bytes: 5513
        executable: false
        sha256: sha256:5eb9440fc3d04f21d9b9311e71375945ce5007be155f481d8332b363f35fb4a0
      - path: agents/openai.yaml
        bytes: 197
        executable: false
        sha256: sha256:760029ca2dafce169b9a218a73de95749f2d93e31e0a4d7e1203258ab770d8bc
  provenance:
    kind: adapted
    license: MIT
    repository: https://github.com/obra/superpowers
    tag: v6.1.1
    commit: d884ae04edebef577e82ff7c4e143debd0bbec99
    path: skills/test-driven-development/SKILL.md
    upstream_sha256: sha256:b5b4717b8b761cce15a6cfe9022e33fd959e0894c0c39d72c9cb49c23486c10e
    adaptation_revision: 1
    notice_file: third_party/superpowers/LICENSE
    notice:
      path: skills/third_party/superpowers/LICENSE
      bytes: 1070
      executable: false
      sha256: sha256:a37e0e9697144819e1d965176ac4ae5bc3fa02d11e7812036bbcadf6dafe2400
- id: shogun-verification-before-done
  version: 1.0.0
  status: enabled
  classification: required
  activation: automatic
  eligible_roles:
  - ashigaru
  - gunshi
  - karo
  - oometsuke
  - shogun
  applicability: Before commit, acceptance, deployment, merge, or any completion claim.
  source:
    path: skills/shogun-verification-before-done
    tree_sha256: sha256:76c22317d1486369fc2ec977fda9cd7ffa20cc7058d03145c5a93e0425b00cb1
    files:
    - path: SKILL.md
      bytes: 5286
      executable: false
      sha256: sha256:b30042dc718b61be40a369acddb886e8f8f93c8d534a93fd6be2a78c8c51ba7a
    - path: references/evidence-packet.md
      bytes: 1697
      executable: false
      sha256: sha256:8dc4e74a91bdb098b6ae9b976b5e873b28e9bdd84e76872b3eb05da0244dca90
    - path: references/pressure-evidence.md
      bytes: 3183
      executable: false
      sha256: sha256:20bd8e1ffeea7157ca13453cf0500cbf5630d5174df514297ba32f53babc0870
    - path: references/pressure-run.yaml
      bytes: 4295
      executable: false
      sha256: sha256:0206987628e825ca84b1bb05963e0c99ff2cc88387a24ca9ecb999b11cf136ea
  targets:
    claude:
      destination: ~/.claude/skills/shogun-verification-before-done
      tree_sha256: sha256:325a60ddc1fe87d74e0d4835a21984abab1042bde3d1f20635b3c1a146570a09
      metrics:
        description_chars: 165
        listing_chars: 197
        bytes: 8053
        lines: 70
      files:
      - path: LICENSE
        bytes: 1070
        executable: false
        sha256: sha256:a37e0e9697144819e1d965176ac4ae5bc3fa02d11e7812036bbcadf6dafe2400
      - path: SKILL.md
        bytes: 5286
        executable: false
        sha256: sha256:b30042dc718b61be40a369acddb886e8f8f93c8d534a93fd6be2a78c8c51ba7a
      - path: references/evidence-packet.md
        bytes: 1697
        executable: false
        sha256: sha256:8dc4e74a91bdb098b6ae9b976b5e873b28e9bdd84e76872b3eb05da0244dca90
    codex:
      destination: ~/.agents/skills/shogun-verification-before-done
      tree_sha256: sha256:9051adf1e2607a0147bd892d91a037a1e1c2de068d4fa9bb68263de92980298d
      metrics:
        description_chars: 165
        listing_chars: 197
        bytes: 8280
        lines: 70
      files:
      - path: LICENSE
        bytes: 1070
        executable: false
        sha256: sha256:a37e0e9697144819e1d965176ac4ae5bc3fa02d11e7812036bbcadf6dafe2400
      - path: SKILL.md
        bytes: 5286
        executable: false
        sha256: sha256:b30042dc718b61be40a369acddb886e8f8f93c8d534a93fd6be2a78c8c51ba7a
      - path: agents/openai.yaml
        bytes: 227
        executable: false
        sha256: sha256:81a3cd6a58190f17847c634095f7315fea09e5bff25784b403991fcc80685d91
      - path: references/evidence-packet.md
        bytes: 1697
        executable: false
        sha256: sha256:8dc4e74a91bdb098b6ae9b976b5e873b28e9bdd84e76872b3eb05da0244dca90
  provenance:
    kind: adapted
    license: MIT
    repository: https://github.com/obra/superpowers
    tag: v6.1.1
    commit: d884ae04edebef577e82ff7c4e143debd0bbec99
    path: skills/verification-before-completion/SKILL.md
    upstream_sha256: sha256:ea52d15aabaf72bc6b558efe2c126f161b53961090ddcd712000273bfe8c7b6c
    adaptation_revision: 1
    notice_file: third_party/superpowers/LICENSE
    notice:
      path: skills/third_party/superpowers/LICENSE
      bytes: 1070
      executable: false
      sha256: sha256:a37e0e9697144819e1d965176ac4ae5bc3fa02d11e7812036bbcadf6dafe2400
- id: skill-creator
  version: 1.0.0
  status: enabled
  classification: optional
  activation: automatic
  eligible_roles:
  - ashigaru
  - gunshi
  - oometsuke
  - shogun
  applicability: Design or revise portable Shogun skills after an approved intake.
  source:
    path: skills/skill-creator
    tree_sha256: sha256:9cab6df206eb2be7ba3f8a00a2d50d8c51e1da95994f71efe3a9adbd88c57030
    files:
    - path: SKILL.md
      bytes: 2986
      executable: false
      sha256: sha256:e8ffbadee3b1de6229f600aa161304d9cc25bf0edbd5d3335053ea8c4c986acb
  targets:
    claude:
      destination: ~/.claude/skills/skill-creator
      tree_sha256: sha256:073864a921973a15bb7b6abc3c04e5887789fddd7d47f88e89d7471d5e2906e2
      metrics:
        description_chars: 160
        listing_chars: 174
        bytes: 3024
        lines: 54
      files:
      - path: SKILL.md
        bytes: 3024
        executable: false
        sha256: sha256:73beeb456e248442f83bd4ea4c34f267e6f9ef6d48ac2dbb107cd21bfb84c6be
    codex:
      destination: ~/.agents/skills/skill-creator
      tree_sha256: sha256:7e6c51e57fcf08f07d2e2ee528e6b20726d8f6eb4de5c4b44920e76457b56c45
      metrics:
        description_chars: 160
        listing_chars: 174
        bytes: 3184
        lines: 53
      files:
      - path: SKILL.md
        bytes: 2986
        executable: false
        sha256: sha256:e8ffbadee3b1de6229f600aa161304d9cc25bf0edbd5d3335053ea8c4c986acb
      - path: agents/openai.yaml
        bytes: 198
        executable: false
        sha256: sha256:16687939c14585727067c2c64d0ab4eb92f065f2cac9f5ebdebad4996803ae01
  provenance:
    kind: bundled
    license: MIT
intake_decisions:
- id: systematic-debugging
  disposition: adapted
  reason: Root-cause discipline is required, but upstream orchestration was replaced with Shogun role routing and bounded evidence.
  upstream:
    repository: https://github.com/obra/superpowers
    tag: v6.1.1
    commit: d884ae04edebef577e82ff7c4e143debd0bbec99
    path: skills/systematic-debugging/SKILL.md
- id: test-driven-development
  disposition: adapted
  reason: Test-first behavior is required after adding Shogun roles, legacy-code preservation, and an explicit exception gate.
  upstream:
    repository: https://github.com/obra/superpowers
    tag: v6.1.1
    commit: d884ae04edebef577e82ff7c4e143debd0bbec99
    path: skills/test-driven-development/SKILL.md
- id: verification-before-completion
  disposition: adapted
  reason: Fresh evidence is required with Shogun acceptance ownership and sanitized current-revision packets.
  upstream:
    repository: https://github.com/obra/superpowers
    tag: v6.1.1
    commit: d884ae04edebef577e82ff7c4e143debd0bbec99
    path: skills/verification-before-completion/SKILL.md
- id: receiving-code-review
  disposition: adapted
  reason: Technical review discipline is required after replacing direct responses and edits with Shogun evaluation and routing.
  upstream:
    repository: https://github.com/obra/superpowers
    tag: v6.1.1
    commit: d884ae04edebef577e82ff7c4e143debd0bbec99
    path: skills/receiving-code-review/SKILL.md
- id: brainstorming
  disposition: codex-only
  approval_ref: superpowers-partial-adoption-2026-07-14
  reason: Useful in Codex App creative design, but Shogun already separates strategy, routing, execution, and review.
  upstream:
    repository: https://github.com/obra/superpowers
    tag: v6.1.1
    commit: d884ae04edebef577e82ff7c4e143debd0bbec99
    path: skills/brainstorming/SKILL.md
- id: dispatching-parallel-agents
  disposition: codex-only
  approval_ref: superpowers-partial-adoption-2026-07-14
  reason: Codex may use it locally; importing its orchestration would conflict with Karo-only Shogun routing.
  upstream:
    repository: https://github.com/obra/superpowers
    tag: v6.1.1
    commit: d884ae04edebef577e82ff7c4e143debd0bbec99
    path: skills/dispatching-parallel-agents/SKILL.md
- id: executing-plans
  disposition: codex-only
  approval_ref: superpowers-partial-adoption-2026-07-14
  reason: Codex plan execution remains useful, while Shogun execution must flow through task YAML and role ownership.
  upstream:
    repository: https://github.com/obra/superpowers
    tag: v6.1.1
    commit: d884ae04edebef577e82ff7c4e143debd0bbec99
    path: skills/executing-plans/SKILL.md
- id: finishing-a-development-branch
  disposition: codex-only
  approval_ref: superpowers-partial-adoption-2026-07-14
  reason: Local Codex branch completion is useful, but Shogun integration and acceptance already have canonical Git-boundary gates.
  upstream:
    repository: https://github.com/obra/superpowers
    tag: v6.1.1
    commit: d884ae04edebef577e82ff7c4e143debd0bbec99
    path: skills/finishing-a-development-branch/SKILL.md
- id: requesting-code-review
  disposition: codex-only
  approval_ref: superpowers-partial-adoption-2026-07-14
  reason: Codex may request local review; Shogun review is explicitly routed through Gunshi and Oometsuke.
  upstream:
    repository: https://github.com/obra/superpowers
    tag: v6.1.1
    commit: d884ae04edebef577e82ff7c4e143debd0bbec99
    path: skills/requesting-code-review/SKILL.md
- id: subagent-driven-development
  disposition: codex-only
  approval_ref: superpowers-partial-adoption-2026-07-14
  reason: Codex local subagent workflows must not replace Shogun's Karo-managed worker hierarchy.
  upstream:
    repository: https://github.com/obra/superpowers
    tag: v6.1.1
    commit: d884ae04edebef577e82ff7c4e143debd0bbec99
    path: skills/subagent-driven-development/SKILL.md
- id: using-git-worktrees
  disposition: codex-only
  approval_ref: superpowers-partial-adoption-2026-07-14
  reason: Codex may use worktrees locally; Shogun worktree policy remains a repository implementation concern, not an agent behavior skill.
  upstream:
    repository: https://github.com/obra/superpowers
    tag: v6.1.1
    commit: d884ae04edebef577e82ff7c4e143debd0bbec99
    path: skills/using-git-worktrees/SKILL.md
- id: using-superpowers
  disposition: codex-only
  approval_ref: superpowers-partial-adoption-2026-07-14
  reason: Required for the Codex Superpowers bundle, but its global skill-invocation contract would override Shogun governance.
  upstream:
    repository: https://github.com/obra/superpowers
    tag: v6.1.1
    commit: d884ae04edebef577e82ff7c4e143debd0bbec99
    path: skills/using-superpowers/SKILL.md
- id: writing-plans
  disposition: codex-only
  approval_ref: superpowers-partial-adoption-2026-07-14
  reason: Codex plan authoring is useful, while Shogun planning already belongs to its role and task protocol.
  upstream:
    repository: https://github.com/obra/superpowers
    tag: v6.1.1
    commit: d884ae04edebef577e82ff7c4e143debd0bbec99
    path: skills/writing-plans/SKILL.md
- id: writing-skills
  disposition: codex-only
  approval_ref: superpowers-partial-adoption-2026-07-14
  reason: Codex can use the upstream authoring workflow; Shogun uses the registry intake and role-safe skill-creator adaptation.
  upstream:
    repository: https://github.com/obra/superpowers
    tag: v6.1.1
    commit: d884ae04edebef577e82ff7c4e143debd0bbec99
    path: skills/writing-skills/SKILL.md
approvals:
- id: superpowers-partial-adoption-2026-07-14
  kind: explicit-user
  recorded_at: '2026-07-14'
  scope: The Lord approved adding only the selected Shogun adaptations and retaining the remaining reviewed Superpowers skills as Codex-only.
